{
  "name": "pertemuan18",
  "lockfileVersion": 2,
  "requires": true,
  "packages": {
    "": {
      "dependencies": {
        "@sweetalert2/theme-borderless": "^5.0.11",
        "sweetalert2": "^11.4.26"
      }
    },
    "node_modules/@sweetalert2/theme-borderless": {
      "version": "5.0.11",
      "resolved": "https://registry.npmjs.org/@sweetalert2/theme-borderless/-/theme-borderless-5.0.11.tgz",
      "integrity": "sha512-GYT19trxQFZfag+TDZU0K8xB4rqd3bouMXuBET60P342oUKJHDhO56oXKJUjzHYu3JEOAypm8icBLOapypqEQA=="
    },
    "node_modules/sweetalert2": {
      "version": "11.4.26",
      "resolved": "https://registry.npmjs.org/sweetalert2/-/sweetalert2-11.4.26.tgz",
      "integrity": "sha512-YqH/C6IPudeWVK9R0x3pCOqP7m90Ae50tl98SQBpAwL3+UBl1WYD2+5OaKy0ybiVTKbYe76wwJ3PV+bITLjl+A==",
      "funding": {
        "type": "individual",
        "url": "https://sweetalert2.github.io/#donations"
      }
    }
  },
  "dependencies": {
    "@sweetalert2/theme-borderless": {
      "version": "5.0.11",
      "resolved": "https://registry.npmjs.org/@sweetalert2/theme-borderless/-/theme-borderless-5.0.11.tgz",
      "integrity": "sha512-GYT19trxQFZfag+TDZU0K8xB4rqd3bouMXuBET60P342oUKJHDhO56oXKJUjzHYu3JEOAypm8icBLOapypqEQA=="
    },
    "sweetalert2": {
      "version": "11.4.26",
      "resolved": "https://registry.npmjs.org/sweetalert2/-/sweetalert2-11.4.26.tgz",
      "integrity": "sha512-YqH/C6IPudeWVK9R0x3pCOqP7m90Ae50tl98SQBpAwL3+UBl1WYD2+5OaKy0ybiVTKbYe76wwJ3PV+bITLjl+A=="
    }
  }
}
